
Microsoft Visual Studio Solution File, Format Version 12.00
# Visual Studio Version 16
VisualStudioVersion = 16.0.31105.61
MinimumVisualStudioVersion = 10.0.40219.1
Project("{FAE04EC0-301F-11D3-BF4B-00C04F79EFBC}") = "OpcUaCore", "OpcUaCore\OpcUaCore.csproj", "{525AD9EC-D83D-4243-BFD3-9916E1A46A35}"
EndProject
Global
	GlobalSection(SolutionConfigurationPlatforms) = preSolution
		Debug|Any CPU = Debug|Any CPU
		Release|Any CPU = Release|Any CPU
	EndGlobalSection
	GlobalSection(ProjectConfigurationPlatforms) = postSolution
		{525AD9EC-D83D-4243-BFD3-9916E1A46A35}.Debug|Any CPU.ActiveCfg = Debug|Any CPU
		{525AD9EC-D83D-4243-BFD3-9916E1A46A35}.Debug|Any CPU.Build.0 = Debug|Any CPU
		{525AD9EC-D83D-4243-BFD3-9916E1A46A35}.Release|Any CPU.ActiveCfg = Release|Any CPU
		{525AD9EC-D83D-4243-BFD3-9916E1A46A35}.Release|Any CPU.Build.0 = Release|Any CPU
	EndGlobalSection
	GlobalSection(SolutionProperties) = preSolution
		HideSolutionNode = FALSE
	EndGlobalSection
	GlobalSection(ExtensibilityGlobals) = postSolution
		SolutionGuid = {E89FF735-40ED-4454-A609-070339EAF4B9}
	EndGlobalSection
EndGlobal
